
Microsoft Visual Studio Solution File, Format Version 12.00
# Visual Studio Version 16
VisualStudioVersion = 16.0.30413.136
MinimumVisualStudioVersion = 10.0.40219.1
Project("{FAE04EC0-301F-11D3-BF4B-00C04F79EFBC}") = "24-08-2020", "24-08-2020\24-08-2020.csproj", "{CF42C414-943D-4000-B3FB-70B0341287CA}"
EndProject
Global
	GlobalSection(SolutionConfigurationPlatforms) = preSolution
		Debug|Any CPU = Debug|Any CPU
		Release|Any CPU = Release|Any CPU
	EndGlobalSection
	GlobalSection(ProjectConfigurationPlatforms) = postSolution
		{CF42C414-943D-4000-B3FB-70B0341287CA}.Debug|Any CPU.ActiveCfg = Debug|Any CPU
		{CF42C414-943D-4000-B3FB-70B0341287CA}.Debug|Any CPU.Build.0 = Debug|Any CPU
		{CF42C414-943D-4000-B3FB-70B0341287CA}.Release|Any CPU.ActiveCfg = Release|Any CPU
		{CF42C414-943D-4000-B3FB-70B0341287CA}.Release|Any CPU.Build.0 = Release|Any CPU
	EndGlobalSection
	GlobalSection(SolutionProperties) = preSolution
		HideSolutionNode = FALSE
	EndGlobalSection
	GlobalSection(ExtensibilityGlobals) = postSolution
		SolutionGuid = {9DCB4F06-8B19-4CD9-919B-1793676A8EAE}
	EndGlobalSection
EndGlobal
