
Microsoft Visual Studio Solution File, Format Version 12.00
# Visual Studio Version 16
VisualStudioVersion = 16.0.30413.136
MinimumVisualStudioVersion = 10.0.40219.1
Project("{FAE04EC0-301F-11D3-BF4B-00C04F79EFBC}") = "07-09-2020", "07-09-2020\07-09-2020.csproj", "{B277CD60-FEA2-43C9-A621-E771335FB5EB}"
EndProject
Project("{FAE04EC0-301F-11D3-BF4B-00C04F79EFBC}") = "Entidades", "Entidades\Entidades.csproj", "{53327639-E042-42DA-AF66-DA4E83F547D8}"
EndProject
Global
	GlobalSection(SolutionConfigurationPlatforms) = preSolution
		Debug|Any CPU = Debug|Any CPU
		Release|Any CPU = Release|Any CPU
	EndGlobalSection
	GlobalSection(ProjectConfigurationPlatforms) = postSolution
		{B277CD60-FEA2-43C9-A621-E771335FB5EB}.Debug|Any CPU.ActiveCfg = Debug|Any CPU
		{B277CD60-FEA2-43C9-A621-E771335FB5EB}.Debug|Any CPU.Build.0 = Debug|Any CPU
		{B277CD60-FEA2-43C9-A621-E771335FB5EB}.Release|Any CPU.ActiveCfg = Release|Any CPU
		{B277CD60-FEA2-43C9-A621-E771335FB5EB}.Release|Any CPU.Build.0 = Release|Any CPU
		{53327639-E042-42DA-AF66-DA4E83F547D8}.Debug|Any CPU.ActiveCfg = Debug|Any CPU
		{53327639-E042-42DA-AF66-DA4E83F547D8}.Debug|Any CPU.Build.0 = Debug|Any CPU
		{53327639-E042-42DA-AF66-DA4E83F547D8}.Release|Any CPU.ActiveCfg = Release|Any CPU
		{53327639-E042-42DA-AF66-DA4E83F547D8}.Release|Any CPU.Build.0 = Release|Any CPU
	EndGlobalSection
	GlobalSection(SolutionProperties) = preSolution
		HideSolutionNode = FALSE
	EndGlobalSection
	GlobalSection(ExtensibilityGlobals) = postSolution
		SolutionGuid = {40E415E9-3AA1-4782-8B18-8B75A42FE9DE}
	EndGlobalSection
EndGlobal
