
Microsoft Visual Studio Solution File, Format Version 12.00
# Visual Studio Version 16
VisualStudioVersion = 16.0.30413.136
MinimumVisualStudioVersion = 10.0.40219.1
Project("{FAE04EC0-301F-11D3-BF4B-00C04F79EFBC}") = "01-09-2020", "01-09-2020\01-09-2020.csproj", "{9F6587B2-AF37-4CEF-A7CC-6E1402A8D25B}"
EndProject
Global
	GlobalSection(SolutionConfigurationPlatforms) = preSolution
		Debug|Any CPU = Debug|Any CPU
		Release|Any CPU = Release|Any CPU
	EndGlobalSection
	GlobalSection(ProjectConfigurationPlatforms) = postSolution
		{9F6587B2-AF37-4CEF-A7CC-6E1402A8D25B}.Debug|Any CPU.ActiveCfg = Debug|Any CPU
		{9F6587B2-AF37-4CEF-A7CC-6E1402A8D25B}.Debug|Any CPU.Build.0 = Debug|Any CPU
		{9F6587B2-AF37-4CEF-A7CC-6E1402A8D25B}.Release|Any CPU.ActiveCfg = Release|Any CPU
		{9F6587B2-AF37-4CEF-A7CC-6E1402A8D25B}.Release|Any CPU.Build.0 = Release|Any CPU
	EndGlobalSection
	GlobalSection(SolutionProperties) = preSolution
		HideSolutionNode = FALSE
	EndGlobalSection
	GlobalSection(ExtensibilityGlobals) = postSolution
		SolutionGuid = {794DF777-1FC4-4365-BD9A-40B867E65A8D}
	EndGlobalSection
EndGlobal
